
Microsoft Visual Studio Solution File, Format Version 12.00
# Visual Studio 15
VisualStudioVersion = 15.0.27004.2010
MinimumVisualStudioVersion = 10.0.40219.1
Project("{FAE04EC0-301F-11D3-BF4B-00C04F79EFBC}") = "exeqt", "exeqt\exeqt.csproj", "{1081C8FF-4EF6-4EC4-BE4C-A8481095CF46}"
EndProject
Project("{FAE04EC0-301F-11D3-BF4B-00C04F79EFBC}") = "exeqt.Helper", "exeqt.Helper\exeqt.Helper.csproj", "{4E52178D-381F-4D7D-A1A4-9F84B782D0CC}"
EndProject
Project("{FAE04EC0-301F-11D3-BF4B-00C04F79EFBC}") = "exeqt.Network", "exeqt.Network\exeqt.Network.csproj", "{2A64E19C-F45C-4E0C-A173-FFFA40178ABD}"
EndProject
Global
	GlobalSection(SolutionConfigurationPlatforms) = preSolution
		Debug|Any CPU = Debug|Any CPU
		Release|Any CPU = Release|Any CPU
	EndGlobalSection
	GlobalSection(ProjectConfigurationPlatforms) = postSolution
		{1081C8FF-4EF6-4EC4-BE4C-A8481095CF46}.Debug|Any CPU.ActiveCfg = Debug|Any CPU
		{1081C8FF-4EF6-4EC4-BE4C-A8481095CF46}.Debug|Any CPU.Build.0 = Debug|Any CPU
		{1081C8FF-4EF6-4EC4-BE4C-A8481095CF46}.Release|Any CPU.ActiveCfg = Release|Any CPU
		{1081C8FF-4EF6-4EC4-BE4C-A8481095CF46}.Release|Any CPU.Build.0 = Release|Any CPU
		{4E52178D-381F-4D7D-A1A4-9F84B782D0CC}.Debug|Any CPU.ActiveCfg = Debug|Any CPU
		{4E52178D-381F-4D7D-A1A4-9F84B782D0CC}.Debug|Any CPU.Build.0 = Debug|Any CPU
		{4E52178D-381F-4D7D-A1A4-9F84B782D0CC}.Release|Any CPU.ActiveCfg = Release|Any CPU
		{4E52178D-381F-4D7D-A1A4-9F84B782D0CC}.Release|Any CPU.Build.0 = Release|Any CPU
		{2A64E19C-F45C-4E0C-A173-FFFA40178ABD}.Debug|Any CPU.ActiveCfg = Debug|Any CPU
		{2A64E19C-F45C-4E0C-A173-FFFA40178ABD}.Debug|Any CPU.Build.0 = Debug|Any CPU
		{2A64E19C-F45C-4E0C-A173-FFFA40178ABD}.Release|Any CPU.ActiveCfg = Release|Any CPU
		{2A64E19C-F45C-4E0C-A173-FFFA40178ABD}.Release|Any CPU.Build.0 = Release|Any CPU
	EndGlobalSection
	GlobalSection(SolutionProperties) = preSolution
		HideSolutionNode = FALSE
	EndGlobalSection
	GlobalSection(ExtensibilityGlobals) = postSolution
		SolutionGuid = {E1FCCA85-351F-4DED-B6F3-4FD9A4D6AA42}
	EndGlobalSection
EndGlobal
